
Microsoft Visual Studio Solution File, Format Version 12.00
# Visual Studio 15
VisualStudioVersion = 15.0.28307.705
MinimumVisualStudioVersion = 10.0.40219.1
Project("{FAE04EC0-301F-11D3-BF4B-00C04F79EFBC}") = "CustomGrouping.Android", "CustomGrouping\CustomGrouping.Android\CustomGrouping.Android.csproj", "{41281FB2-893B-43EF-804F-109BF932F801}"
EndProject
Project("{FAE04EC0-301F-11D3-BF4B-00C04F79EFBC}") = "CustomGrouping.iOS", "CustomGrouping\CustomGrouping.iOS\CustomGrouping.iOS.csproj", "{C8CA2613-43E5-4FC8-A42B-AF1009D631F3}"
EndProject
Project("{FAE04EC0-301F-11D3-BF4B-00C04F79EFBC}") = "CustomGrouping.UWP", "CustomGrouping\CustomGrouping.UWP\CustomGrouping.UWP.csproj", "{DE121858-1C20-4641-8C7F-FA4596A3C1D2}"
EndProject
Project("{FAE04EC0-301F-11D3-BF4B-00C04F79EFBC}") = "CustomGrouping", "CustomGrouping\CustomGrouping\CustomGrouping.csproj", "{1732475B-14FF-4DC2-95A0-B6E49423AB0D}"
EndProject
Global
	GlobalSection(SolutionConfigurationPlatforms) = preSolution
		Ad-Hoc|Any CPU = Ad-Hoc|Any CPU
		Ad-Hoc|ARM = Ad-Hoc|ARM
		Ad-Hoc|iPhone = Ad-Hoc|iPhone
		Ad-Hoc|iPhoneSimulator = Ad-Hoc|iPhoneSimulator
		Ad-Hoc|x64 = Ad-Hoc|x64
		Ad-Hoc|x86 = Ad-Hoc|x86
		AppStore|Any CPU = AppStore|Any CPU
		AppStore|ARM = AppStore|ARM
		AppStore|iPhone = AppStore|iPhone
		AppStore|iPhoneSimulator = AppStore|iPhoneSimulator
		AppStore|x64 = AppStore|x64
		AppStore|x86 = AppStore|x86
		Debug|Any CPU = Debug|Any CPU
		Debug|ARM = Debug|ARM
		Debug|iPhone = Debug|iPhone
		Debug|iPhoneSimulator = Debug|iPhoneSimulator
		Debug|x64 = Debug|x64
		Debug|x86 = Debug|x86
		Release|Any CPU = Release|Any CPU
		Release|ARM = Release|ARM
		Release|iPhone = Release|iPhone
		Release|iPhoneSimulator = Release|iPhoneSimulator
		Release|x64 = Release|x64
		Release|x86 = Release|x86
	EndGlobalSection
	GlobalSection(ProjectConfigurationPlatforms) = postSolution
		{41281FB2-893B-43EF-804F-109BF932F801}.Ad-Hoc|Any CPU.ActiveCfg = Release|Any CPU
		{41281FB2-893B-43EF-804F-109BF932F801}.Ad-Hoc|Any CPU.Build.0 = Release|Any CPU
		{41281FB2-893B-43EF-804F-109BF932F801}.Ad-Hoc|Any CPU.Deploy.0 = Release|Any CPU
		{41281FB2-893B-43EF-804F-109BF932F801}.Ad-Hoc|ARM.ActiveCfg = Release|Any CPU
		{41281FB2-893B-43EF-804F-109BF932F801}.Ad-Hoc|ARM.Build.0 = Release|Any CPU
		{41281FB2-893B-43EF-804F-109BF932F801}.Ad-Hoc|ARM.Deploy.0 = Release|Any CPU
		{41281FB2-893B-43EF-804F-109BF932F801}.Ad-Hoc|iPhone.ActiveCfg = Release|Any CPU
		{41281FB2-893B-43EF-804F-109BF932F801}.Ad-Hoc|iPhone.Build.0 = Release|Any CPU
		{41281FB2-893B-43EF-804F-109BF932F801}.Ad-Hoc|iPhone.Deploy.0 = Release|Any CPU
		{41281FB2-893B-43EF-804F-109BF932F801}.Ad-Hoc|iPhoneSimulator.ActiveCfg = Release|Any CPU
		{41281FB2-893B-43EF-804F-109BF932F801}.Ad-Hoc|iPhoneSimulator.Build.0 = Release|Any CPU
		{41281FB2-893B-43EF-804F-109BF932F801}.Ad-Hoc|iPhoneSimulator.Deploy.0 = Release|Any CPU
		{41281FB2-893B-43EF-804F-109BF932F801}.Ad-Hoc|x64.ActiveCfg = Release|Any CPU
		{41281FB2-893B-43EF-804F-109BF932F801}.Ad-Hoc|x64.Build.0 = Release|Any CPU
		{41281FB2-893B-43EF-804F-109BF932F801}.Ad-Hoc|x64.Deploy.0 = Release|Any CPU
		{41281FB2-893B-43EF-804F-109BF932F801}.Ad-Hoc|x86.ActiveCfg = Release|Any CPU
		{41281FB2-893B-43EF-804F-109BF932F801}.Ad-Hoc|x86.Build.0 = Release|Any CPU
		{41281FB2-893B-43EF-804F-109BF932F801}.Ad-Hoc|x86.Deploy.0 = Release|Any CPU
		{41281FB2-893B-43EF-804F-109BF932F801}.AppStore|Any CPU.ActiveCfg = Release|Any CPU
		{41281FB2-893B-43EF-804F-109BF932F801}.AppStore|Any CPU.Build.0 = Release|Any CPU
		{41281FB2-893B-43EF-804F-109BF932F801}.AppStore|Any CPU.Deploy.0 = Release|Any CPU
		{41281FB2-893B-43EF-804F-109BF932F801}.AppStore|ARM.ActiveCfg = Release|Any CPU
		{41281FB2-893B-43EF-804F-109BF932F801}.AppStore|ARM.Build.0 = Release|Any CPU
		{41281FB2-893B-43EF-804F-109BF932F801}.AppStore|ARM.Deploy.0 = Release|Any CPU
		{41281FB2-893B-43EF-804F-109BF932F801}.AppStore|iPhone.ActiveCfg = Release|Any CPU
		{41281FB2-893B-43EF-804F-109BF932F801}.AppStore|iPhone.Build.0 = Release|Any CPU
		{41281FB2-893B-43EF-804F-109BF932F801}.AppStore|iPhone.Deploy.0 = Release|Any CPU
		{41281FB2-893B-43EF-804F-109BF932F801}.AppStore|iPhoneSimulator.ActiveCfg = Release|Any CPU
		{41281FB2-893B-43EF-804F-109BF932F801}.AppStore|iPhoneSimulator.Build.0 = Release|Any CPU
		{41281FB2-893B-43EF-804F-109BF932F801}.AppStore|iPhoneSimulator.Deploy.0 = Release|Any CPU
		{41281FB2-893B-43EF-804F-109BF932F801}.AppStore|x64.ActiveCfg = Release|Any CPU
		{41281FB2-893B-43EF-804F-109BF932F801}.AppStore|x64.Build.0 = Release|Any CPU
		{41281FB2-893B-43EF-804F-109BF932F801}.AppStore|x64.Deploy.0 = Release|Any CPU
		{41281FB2-893B-43EF-804F-109BF932F801}.AppStore|x86.ActiveCfg = Release|Any CPU
		{41281FB2-893B-43EF-804F-109BF932F801}.AppStore|x86.Build.0 = Release|Any CPU
		{41281FB2-893B-43EF-804F-109BF932F801}.AppStore|x86.Deploy.0 = Release|Any CPU
		{41281FB2-893B-43EF-804F-109BF932F801}.Debug|Any CPU.ActiveCfg = Debug|Any CPU
		{41281FB2-893B-43EF-804F-109BF932F801}.Debug|Any CPU.Build.0 = Debug|Any CPU
		{41281FB2-893B-43EF-804F-109BF932F801}.Debug|Any CPU.Deploy.0 = Debug|Any CPU
		{41281FB2-893B-43EF-804F-109BF932F801}.Debug|ARM.ActiveCfg = Debug|Any CPU
		{41281FB2-893B-43EF-804F-109BF932F801}.Debug|ARM.Build.0 = Debug|Any CPU
		{41281FB2-893B-43EF-804F-109BF932F801}.Debug|ARM.Deploy.0 = Debug|Any CPU
		{41281FB2-893B-43EF-804F-109BF932F801}.Debug|iPhone.ActiveCfg = Debug|Any CPU
		{41281FB2-893B-43EF-804F-109BF932F801}.Debug|iPhone.Build.0 = Debug|Any CPU
		{41281FB2-893B-43EF-804F-109BF932F801}.Debug|iPhone.Deploy.0 = Debug|Any CPU
		{41281FB2-893B-43EF-804F-109BF932F801}.Debug|iPhoneSimulator.ActiveCfg = Debug|Any CPU
		{41281FB2-893B-43EF-804F-109BF932F801}.Debug|iPhoneSimulator.Build.0 = Debug|Any CPU
		{41281FB2-893B-43EF-804F-109BF932F801}.Debug|iPhoneSimulator.Deploy.0 = Debug|Any CPU
		{41281FB2-893B-43EF-804F-109BF932F801}.Debug|x64.ActiveCfg = Debug|Any CPU
		{41281FB2-893B-43EF-804F-109BF932F801}.Debug|x64.Build.0 = Debug|Any CPU
		{41281FB2-893B-43EF-804F-109BF932F801}.Debug|x64.Deploy.0 = Debug|Any CPU
		{41281FB2-893B-43EF-804F-109BF932F801}.Debug|x86.ActiveCfg = Debug|Any CPU
		{41281FB2-893B-43EF-804F-109BF932F801}.Debug|x86.Build.0 = Debug|Any CPU
		{41281FB2-893B-43EF-804F-109BF932F801}.Debug|x86.Deploy.0 = Debug|Any CPU
		{41281FB2-893B-43EF-804F-109BF932F801}.Release|Any CPU.ActiveCfg = Release|Any CPU
		{41281FB2-893B-43EF-804F-109BF932F801}.Release|Any CPU.Build.0 = Release|Any CPU
		{41281FB2-893B-43EF-804F-109BF932F801}.Release|Any CPU.Deploy.0 = Release|Any CPU
		{41281FB2-893B-43EF-804F-109BF932F801}.Release|ARM.ActiveCfg = Release|Any CPU
		{41281FB2-893B-43EF-804F-109BF932F801}.Release|ARM.Build.0 = Release|Any CPU
		{41281FB2-893B-43EF-804F-109BF932F801}.Release|ARM.Deploy.0 = Release|Any CPU
		{41281FB2-893B-43EF-804F-109BF932F801}.Release|iPhone.ActiveCfg = Release|Any CPU
		{41281FB2-893B-43EF-804F-109BF932F801}.Release|iPhone.Build.0 = Release|Any CPU
		{41281FB2-893B-43EF-804F-109BF932F801}.Release|iPhone.Deploy.0 = Release|Any CPU
		{41281FB2-893B-43EF-804F-109BF932F801}.Release|iPhoneSimulator.ActiveCfg = Release|Any CPU
		{41281FB2-893B-43EF-804F-109BF932F801}.Release|iPhoneSimulator.Build.0 = Release|Any CPU
		{41281FB2-893B-43EF-804F-109BF932F801}.Release|iPhoneSimulator.Deploy.0 = Release|Any CPU
		{41281FB2-893B-43EF-804F-109BF932F801}.Release|x64.ActiveCfg = Release|Any CPU
		{41281FB2-893B-43EF-804F-109BF932F801}.Release|x64.Build.0 = Release|Any CPU
		{41281FB2-893B-43EF-804F-109BF932F801}.Release|x64.Deploy.0 = Release|Any CPU
		{41281FB2-893B-43EF-804F-109BF932F801}.Release|x86.ActiveCfg = Release|Any CPU
		{41281FB2-893B-43EF-804F-109BF932F801}.Release|x86.Build.0 = Release|Any CPU
		{41281FB2-893B-43EF-804F-109BF932F801}.Release|x86.Deploy.0 = Release|Any CPU
		{C8CA2613-43E5-4FC8-A42B-AF1009D631F3}.Ad-Hoc|Any CPU.ActiveCfg = Ad-Hoc|iPhone
		{C8CA2613-43E5-4FC8-A42B-AF1009D631F3}.Ad-Hoc|Any CPU.Build.0 = Ad-Hoc|iPhone
		{C8CA2613-43E5-4FC8-A42B-AF1009D631F3}.Ad-Hoc|Any CPU.Deploy.0 = Ad-Hoc|iPhone
		{C8CA2613-43E5-4FC8-A42B-AF1009D631F3}.Ad-Hoc|ARM.ActiveCfg = Ad-Hoc|iPhone
		{C8CA2613-43E5-4FC8-A42B-AF1009D631F3}.Ad-Hoc|ARM.Build.0 = Ad-Hoc|iPhone
		{C8CA2613-43E5-4FC8-A42B-AF1009D631F3}.Ad-Hoc|ARM.Deploy.0 = Ad-Hoc|iPhone
		{C8CA2613-43E5-4FC8-A42B-AF1009D631F3}.Ad-Hoc|iPhone.ActiveCfg = Ad-Hoc|iPhone
		{C8CA2613-43E5-4FC8-A42B-AF1009D631F3}.Ad-Hoc|iPhone.Build.0 = Ad-Hoc|iPhone
		{C8CA2613-43E5-4FC8-A42B-AF1009D631F3}.Ad-Hoc|iPhone.Deploy.0 = Ad-Hoc|iPhone
		{C8CA2613-43E5-4FC8-A42B-AF1009D631F3}.Ad-Hoc|iPhoneSimulator.ActiveCfg = Ad-Hoc|iPhoneSimulator
		{C8CA2613-43E5-4FC8-A42B-AF1009D631F3}.Ad-Hoc|iPhoneSimulator.Build.0 = Ad-Hoc|iPhoneSimulator
		{C8CA2613-43E5-4FC8-A42B-AF1009D631F3}.Ad-Hoc|iPhoneSimulator.Deploy.0 = Ad-Hoc|iPhoneSimulator
		{C8CA2613-43E5-4FC8-A42B-AF1009D631F3}.Ad-Hoc|x64.ActiveCfg = Ad-Hoc|iPhone
		{C8CA2613-43E5-4FC8-A42B-AF1009D631F3}.Ad-Hoc|x64.Build.0 = Ad-Hoc|iPhone
		{C8CA2613-43E5-4FC8-A42B-AF1009D631F3}.Ad-Hoc|x64.Deploy.0 = Ad-Hoc|iPhone
		{C8CA2613-43E5-4FC8-A42B-AF1009D631F3}.Ad-Hoc|x86.ActiveCfg = Ad-Hoc|iPhone
		{C8CA2613-43E5-4FC8-A42B-AF1009D631F3}.Ad-Hoc|x86.Build.0 = Ad-Hoc|iPhone
		{C8CA2613-43E5-4FC8-A42B-AF1009D631F3}.Ad-Hoc|x86.Deploy.0 = Ad-Hoc|iPhone
		{C8CA2613-43E5-4FC8-A42B-AF1009D631F3}.AppStore|Any CPU.ActiveCfg = AppStore|iPhone
		{C8CA2613-43E5-4FC8-A42B-AF1009D631F3}.AppStore|Any CPU.Build.0 = AppStore|iPhone
		{C8CA2613-43E5-4FC8-A42B-AF1009D631F3}.AppStore|Any CPU.Deploy.0 = AppStore|iPhone
		{C8CA2613-43E5-4FC8-A42B-AF1009D631F3}.AppStore|ARM.ActiveCfg = AppStore|iPhone
		{C8CA2613-43E5-4FC8-A42B-AF1009D631F3}.AppStore|ARM.Build.0 = AppStore|iPhone
		{C8CA2613-43E5-4FC8-A42B-AF1009D631F3}.AppStore|ARM.Deploy.0 = AppStore|iPhone
		{C8CA2613-43E5-4FC8-A42B-AF1009D631F3}.AppStore|iPhone.ActiveCfg = AppStore|iPhone
		{C8CA2613-43E5-4FC8-A42B-AF1009D631F3}.AppStore|iPhone.Build.0 = AppStore|iPhone
		{C8CA2613-43E5-4FC8-A42B-AF1009D631F3}.AppStore|iPhone.Deploy.0 = AppStore|iPhone
		{C8CA2613-43E5-4FC8-A42B-AF1009D631F3}.AppStore|iPhoneSimulator.ActiveCfg = AppStore|iPhoneSimulator
		{C8CA2613-43E5-4FC8-A42B-AF1009D631F3}.AppStore|iPhoneSimulator.Build.0 = AppStore|iPhoneSimulator
		{C8CA2613-43E5-4FC8-A42B-AF1009D631F3}.AppStore|iPhoneSimulator.Deploy.0 = AppStore|iPhoneSimulator
		{C8CA2613-43E5-4FC8-A42B-AF1009D631F3}.AppStore|x64.ActiveCfg = AppStore|iPhone
		{C8CA2613-43E5-4FC8-A42B-AF1009D631F3}.AppStore|x64.Build.0 = AppStore|iPhone
		{C8CA2613-43E5-4FC8-A42B-AF1009D631F3}.AppStore|x64.Deploy.0 = AppStore|iPhone
		{C8CA2613-43E5-4FC8-A42B-AF1009D631F3}.AppStore|x86.ActiveCfg = AppStore|iPhone
		{C8CA2613-43E5-4FC8-A42B-AF1009D631F3}.AppStore|x86.Build.0 = AppStore|iPhone
		{C8CA2613-43E5-4FC8-A42B-AF1009D631F3}.AppStore|x86.Deploy.0 = AppStore|iPhone
		{C8CA2613-43E5-4FC8-A42B-AF1009D631F3}.Debug|Any CPU.ActiveCfg = Debug|iPhoneSimulator
		{C8CA2613-43E5-4FC8-A42B-AF1009D631F3}.Debug|Any CPU.Build.0 = Debug|iPhoneSimulator
		{C8CA2613-43E5-4FC8-A42B-AF1009D631F3}.Debug|Any CPU.Deploy.0 = Debug|iPhoneSimulator
		{C8CA2613-43E5-4FC8-A42B-AF1009D631F3}.Debug|ARM.ActiveCfg = Debug|iPhone
		{C8CA2613-43E5-4FC8-A42B-AF1009D631F3}.Debug|ARM.Build.0 = Debug|iPhone
		{C8CA2613-43E5-4FC8-A42B-AF1009D631F3}.Debug|ARM.Deploy.0 = Debug|iPhone
		{C8CA2613-43E5-4FC8-A42B-AF1009D631F3}.Debug|iPhone.ActiveCfg = Debug|iPhone
		{C8CA2613-43E5-4FC8-A42B-AF1009D631F3}.Debug|iPhone.Build.0 = Debug|iPhone
		{C8CA2613-43E5-4FC8-A42B-AF1009D631F3}.Debug|iPhone.Deploy.0 = Debug|iPhone
		{C8CA2613-43E5-4FC8-A42B-AF1009D631F3}.Debug|iPhoneSimulator.ActiveCfg = Debug|iPhoneSimulator
		{C8CA2613-43E5-4FC8-A42B-AF1009D631F3}.Debug|iPhoneSimulator.Build.0 = Debug|iPhoneSimulator
		{C8CA2613-43E5-4FC8-A42B-AF1009D631F3}.Debug|iPhoneSimulator.Deploy.0 = Debug|iPhoneSimulator
		{C8CA2613-43E5-4FC8-A42B-AF1009D631F3}.Debug|x64.ActiveCfg = Debug|iPhone
		{C8CA2613-43E5-4FC8-A42B-AF1009D631F3}.Debug|x64.Build.0 = Debug|iPhone
		{C8CA2613-43E5-4FC8-A42B-AF1009D631F3}.Debug|x64.Deploy.0 = Debug|iPhone
		{C8CA2613-43E5-4FC8-A42B-AF1009D631F3}.Debug|x86.ActiveCfg = Debug|iPhone
		{C8CA2613-43E5-4FC8-A42B-AF1009D631F3}.Debug|x86.Build.0 = Debug|iPhone
		{C8CA2613-43E5-4FC8-A42B-AF1009D631F3}.Debug|x86.Deploy.0 = Debug|iPhone
		{C8CA2613-43E5-4FC8-A42B-AF1009D631F3}.Release|Any CPU.ActiveCfg = Release|iPhone
		{C8CA2613-43E5-4FC8-A42B-AF1009D631F3}.Release|Any CPU.Build.0 = Release|iPhone
		{C8CA2613-43E5-4FC8-A42B-AF1009D631F3}.Release|Any CPU.Deploy.0 = Release|iPhone
		{C8CA2613-43E5-4FC8-A42B-AF1009D631F3}.Release|ARM.ActiveCfg = Release|iPhone
		{C8CA2613-43E5-4FC8-A42B-AF1009D631F3}.Release|ARM.Build.0 = Release|iPhone
		{C8CA2613-43E5-4FC8-A42B-AF1009D631F3}.Release|ARM.Deploy.0 = Release|iPhone
		{C8CA2613-43E5-4FC8-A42B-AF1009D631F3}.Release|iPhone.ActiveCfg = Release|iPhone
		{C8CA2613-43E5-4FC8-A42B-AF1009D631F3}.Release|iPhone.Build.0 = Release|iPhone
		{C8CA2613-43E5-4FC8-A42B-AF1009D631F3}.Release|iPhone.Deploy.0 = Release|iPhone
		{C8CA2613-43E5-4FC8-A42B-AF1009D631F3}.Release|iPhoneSimulator.ActiveCfg = Release|iPhoneSimulator
		{C8CA2613-43E5-4FC8-A42B-AF1009D631F3}.Release|iPhoneSimulator.Build.0 = Release|iPhoneSimulator
		{C8CA2613-43E5-4FC8-A42B-AF1009D631F3}.Release|iPhoneSimulator.Deploy.0 = Release|iPhoneSimulator
		{C8CA2613-43E5-4FC8-A42B-AF1009D631F3}.Release|x64.ActiveCfg = Release|iPhone
		{C8CA2613-43E5-4FC8-A42B-AF1009D631F3}.Release|x64.Build.0 = Release|iPhone
		{C8CA2613-43E5-4FC8-A42B-AF1009D631F3}.Release|x64.Deploy.0 = Release|iPhone
		{C8CA2613-43E5-4FC8-A42B-AF1009D631F3}.Release|x86.ActiveCfg = Release|iPhone
		{C8CA2613-43E5-4FC8-A42B-AF1009D631F3}.Release|x86.Build.0 = Release|iPhone
		{C8CA2613-43E5-4FC8-A42B-AF1009D631F3}.Release|x86.Deploy.0 = Release|iPhone
		{DE121858-1C20-4641-8C7F-FA4596A3C1D2}.Ad-Hoc|Any CPU.ActiveCfg = Release|x86
		{DE121858-1C20-4641-8C7F-FA4596A3C1D2}.Ad-Hoc|Any CPU.Build.0 = Release|x86
		{DE121858-1C20-4641-8C7F-FA4596A3C1D2}.Ad-Hoc|Any CPU.Deploy.0 = Release|x86
		{DE121858-1C20-4641-8C7F-FA4596A3C1D2}.Ad-Hoc|ARM.ActiveCfg = Release|ARM
		{DE121858-1C20-4641-8C7F-FA4596A3C1D2}.Ad-Hoc|ARM.Build.0 = Release|ARM
		{DE121858-1C20-4641-8C7F-FA4596A3C1D2}.Ad-Hoc|ARM.Deploy.0 = Release|ARM
		{DE121858-1C20-4641-8C7F-FA4596A3C1D2}.Ad-Hoc|iPhone.ActiveCfg = Release|x86
		{DE121858-1C20-4641-8C7F-FA4596A3C1D2}.Ad-Hoc|iPhone.Build.0 = Release|x86
		{DE121858-1C20-4641-8C7F-FA4596A3C1D2}.Ad-Hoc|iPhone.Deploy.0 = Release|x86
		{DE121858-1C20-4641-8C7F-FA4596A3C1D2}.Ad-Hoc|iPhoneSimulator.ActiveCfg = Release|x86
		{DE121858-1C20-4641-8C7F-FA4596A3C1D2}.Ad-Hoc|iPhoneSimulator.Build.0 = Release|x86
		{DE121858-1C20-4641-8C7F-FA4596A3C1D2}.Ad-Hoc|iPhoneSimulator.Deploy.0 = Release|x86
		{DE121858-1C20-4641-8C7F-FA4596A3C1D2}.Ad-Hoc|x64.ActiveCfg = Release|x64
		{DE121858-1C20-4641-8C7F-FA4596A3C1D2}.Ad-Hoc|x64.Build.0 = Release|x64
		{DE121858-1C20-4641-8C7F-FA4596A3C1D2}.Ad-Hoc|x64.Deploy.0 = Release|x64
		{DE121858-1C20-4641-8C7F-FA4596A3C1D2}.Ad-Hoc|x86.ActiveCfg = Release|x86
		{DE121858-1C20-4641-8C7F-FA4596A3C1D2}.Ad-Hoc|x86.Build.0 = Release|x86
		{DE121858-1C20-4641-8C7F-FA4596A3C1D2}.Ad-Hoc|x86.Deploy.0 = Release|x86
		{DE121858-1C20-4641-8C7F-FA4596A3C1D2}.AppStore|Any CPU.ActiveCfg = Release|x86
		{DE121858-1C20-4641-8C7F-FA4596A3C1D2}.AppStore|Any CPU.Build.0 = Release|x86
		{DE121858-1C20-4641-8C7F-FA4596A3C1D2}.AppStore|Any CPU.Deploy.0 = Release|x86
		{DE121858-1C20-4641-8C7F-FA4596A3C1D2}.AppStore|ARM.ActiveCfg = Release|ARM
		{DE121858-1C20-4641-8C7F-FA4596A3C1D2}.AppStore|ARM.Build.0 = Release|ARM
		{DE121858-1C20-4641-8C7F-FA4596A3C1D2}.AppStore|ARM.Deploy.0 = Release|ARM
		{DE121858-1C20-4641-8C7F-FA4596A3C1D2}.AppStore|iPhone.ActiveCfg = Release|x86
		{DE121858-1C20-4641-8C7F-FA4596A3C1D2}.AppStore|iPhone.Build.0 = Release|x86
		{DE121858-1C20-4641-8C7F-FA4596A3C1D2}.AppStore|iPhone.Deploy.0 = Release|x86
		{DE121858-1C20-4641-8C7F-FA4596A3C1D2}.AppStore|iPhoneSimulator.ActiveCfg = Release|x86
		{DE121858-1C20-4641-8C7F-FA4596A3C1D2}.AppStore|iPhoneSimulator.Build.0 = Release|x86
		{DE121858-1C20-4641-8C7F-FA4596A3C1D2}.AppStore|iPhoneSimulator.Deploy.0 = Release|x86
		{DE121858-1C20-4641-8C7F-FA4596A3C1D2}.AppStore|x64.ActiveCfg = Release|x64
		{DE121858-1C20-4641-8C7F-FA4596A3C1D2}.AppStore|x64.Build.0 = Release|x64
		{DE121858-1C20-4641-8C7F-FA4596A3C1D2}.AppStore|x64.Deploy.0 = Release|x64
		{DE121858-1C20-4641-8C7F-FA4596A3C1D2}.AppStore|x86.ActiveCfg = Release|x86
		{DE121858-1C20-4641-8C7F-FA4596A3C1D2}.AppStore|x86.Build.0 = Release|x86
		{DE121858-1C20-4641-8C7F-FA4596A3C1D2}.AppStore|x86.Deploy.0 = Release|x86
		{DE121858-1C20-4641-8C7F-FA4596A3C1D2}.Debug|Any CPU.ActiveCfg = Debug|x86
		{DE121858-1C20-4641-8C7F-FA4596A3C1D2}.Debug|Any CPU.Build.0 = Debug|x86
		{DE121858-1C20-4641-8C7F-FA4596A3C1D2}.Debug|Any CPU.Deploy.0 = Debug|x86
		{DE121858-1C20-4641-8C7F-FA4596A3C1D2}.Debug|ARM.ActiveCfg = Debug|ARM
		{DE121858-1C20-4641-8C7F-FA4596A3C1D2}.Debug|ARM.Build.0 = Debug|ARM
		{DE121858-1C20-4641-8C7F-FA4596A3C1D2}.Debug|ARM.Deploy.0 = Debug|ARM
		{DE121858-1C20-4641-8C7F-FA4596A3C1D2}.Debug|iPhone.ActiveCfg = Debug|x86
		{DE121858-1C20-4641-8C7F-FA4596A3C1D2}.Debug|iPhone.Build.0 = Debug|x86
		{DE121858-1C20-4641-8C7F-FA4596A3C1D2}.Debug|iPhone.Deploy.0 = Debug|x86
		{DE121858-1C20-4641-8C7F-FA4596A3C1D2}.Debug|iPhoneSimulator.ActiveCfg = Debug|x86
		{DE121858-1C20-4641-8C7F-FA4596A3C1D2}.Debug|iPhoneSimulator.Build.0 = Debug|x86
		{DE121858-1C20-4641-8C7F-FA4596A3C1D2}.Debug|iPhoneSimulator.Deploy.0 = Debug|x86
		{DE121858-1C20-4641-8C7F-FA4596A3C1D2}.Debug|x64.ActiveCfg = Debug|x64
		{DE121858-1C20-4641-8C7F-FA4596A3C1D2}.Debug|x64.Build.0 = Debug|x64
		{DE121858-1C20-4641-8C7F-FA4596A3C1D2}.Debug|x64.Deploy.0 = Debug|x64
		{DE121858-1C20-4641-8C7F-FA4596A3C1D2}.Debug|x86.ActiveCfg = Debug|x86
		{DE121858-1C20-4641-8C7F-FA4596A3C1D2}.Debug|x86.Build.0 = Debug|x86
		{DE121858-1C20-4641-8C7F-FA4596A3C1D2}.Debug|x86.Deploy.0 = Debug|x86
		{DE121858-1C20-4641-8C7F-FA4596A3C1D2}.Release|Any CPU.ActiveCfg = Release|x86
		{DE121858-1C20-4641-8C7F-FA4596A3C1D2}.Release|Any CPU.Build.0 = Release|x86
		{DE121858-1C20-4641-8C7F-FA4596A3C1D2}.Release|Any CPU.Deploy.0 = Release|x86
		{DE121858-1C20-4641-8C7F-FA4596A3C1D2}.Release|ARM.ActiveCfg = Release|ARM
		{DE121858-1C20-4641-8C7F-FA4596A3C1D2}.Release|ARM.Build.0 = Release|ARM
		{DE121858-1C20-4641-8C7F-FA4596A3C1D2}.Release|ARM.Deploy.0 = Release|ARM
		{DE121858-1C20-4641-8C7F-FA4596A3C1D2}.Release|iPhone.ActiveCfg = Release|x86
		{DE121858-1C20-4641-8C7F-FA4596A3C1D2}.Release|iPhone.Build.0 = Release|x86
		{DE121858-1C20-4641-8C7F-FA4596A3C1D2}.Release|iPhone.Deploy.0 = Release|x86
		{DE121858-1C20-4641-8C7F-FA4596A3C1D2}.Release|iPhoneSimulator.ActiveCfg = Release|x86
		{DE121858-1C20-4641-8C7F-FA4596A3C1D2}.Release|iPhoneSimulator.Build.0 = Release|x86
		{DE121858-1C20-4641-8C7F-FA4596A3C1D2}.Release|iPhoneSimulator.Deploy.0 = Release|x86
		{DE121858-1C20-4641-8C7F-FA4596A3C1D2}.Release|x64.ActiveCfg = Release|x64
		{DE121858-1C20-4641-8C7F-FA4596A3C1D2}.Release|x64.Build.0 = Release|x64
		{DE121858-1C20-4641-8C7F-FA4596A3C1D2}.Release|x64.Deploy.0 = Release|x64
		{DE121858-1C20-4641-8C7F-FA4596A3C1D2}.Release|x86.ActiveCfg = Release|x86
		{DE121858-1C20-4641-8C7F-FA4596A3C1D2}.Release|x86.Build.0 = Release|x86
		{DE121858-1C20-4641-8C7F-FA4596A3C1D2}.Release|x86.Deploy.0 = Release|x86
		{1732475B-14FF-4DC2-95A0-B6E49423AB0D}.Ad-Hoc|Any CPU.ActiveCfg = Debug|Any CPU
		{1732475B-14FF-4DC2-95A0-B6E49423AB0D}.Ad-Hoc|Any CPU.Build.0 = Debug|Any CPU
		{1732475B-14FF-4DC2-95A0-B6E49423AB0D}.Ad-Hoc|Any CPU.Deploy.0 = Debug|Any CPU
		{1732475B-14FF-4DC2-95A0-B6E49423AB0D}.Ad-Hoc|ARM.ActiveCfg = Debug|Any CPU
		{1732475B-14FF-4DC2-95A0-B6E49423AB0D}.Ad-Hoc|ARM.Build.0 = Debug|Any CPU
		{1732475B-14FF-4DC2-95A0-B6E49423AB0D}.Ad-Hoc|ARM.Deploy.0 = Debug|Any CPU
		{1732475B-14FF-4DC2-95A0-B6E49423AB0D}.Ad-Hoc|iPhone.ActiveCfg = Debug|Any CPU
		{1732475B-14FF-4DC2-95A0-B6E49423AB0D}.Ad-Hoc|iPhone.Build.0 = Debug|Any CPU
		{1732475B-14FF-4DC2-95A0-B6E49423AB0D}.Ad-Hoc|iPhone.Deploy.0 = Debug|Any CPU
		{1732475B-14FF-4DC2-95A0-B6E49423AB0D}.Ad-Hoc|iPhoneSimulator.ActiveCfg = Debug|Any CPU
		{1732475B-14FF-4DC2-95A0-B6E49423AB0D}.Ad-Hoc|iPhoneSimulator.Build.0 = Debug|Any CPU
		{1732475B-14FF-4DC2-95A0-B6E49423AB0D}.Ad-Hoc|iPhoneSimulator.Deploy.0 = Debug|Any CPU
		{1732475B-14FF-4DC2-95A0-B6E49423AB0D}.Ad-Hoc|x64.ActiveCfg = Debug|Any CPU
		{1732475B-14FF-4DC2-95A0-B6E49423AB0D}.Ad-Hoc|x64.Build.0 = Debug|Any CPU
		{1732475B-14FF-4DC2-95A0-B6E49423AB0D}.Ad-Hoc|x64.Deploy.0 = Debug|Any CPU
		{1732475B-14FF-4DC2-95A0-B6E49423AB0D}.Ad-Hoc|x86.ActiveCfg = Debug|Any CPU
		{1732475B-14FF-4DC2-95A0-B6E49423AB0D}.Ad-Hoc|x86.Build.0 = Debug|Any CPU
		{1732475B-14FF-4DC2-95A0-B6E49423AB0D}.Ad-Hoc|x86.Deploy.0 = Debug|Any CPU
		{1732475B-14FF-4DC2-95A0-B6E49423AB0D}.AppStore|Any CPU.ActiveCfg = Debug|Any CPU
		{1732475B-14FF-4DC2-95A0-B6E49423AB0D}.AppStore|Any CPU.Build.0 = Debug|Any CPU
		{1732475B-14FF-4DC2-95A0-B6E49423AB0D}.AppStore|Any CPU.Deploy.0 = Debug|Any CPU
		{1732475B-14FF-4DC2-95A0-B6E49423AB0D}.AppStore|ARM.ActiveCfg = Debug|Any CPU
		{1732475B-14FF-4DC2-95A0-B6E49423AB0D}.AppStore|ARM.Build.0 = Debug|Any CPU
		{1732475B-14FF-4DC2-95A0-B6E49423AB0D}.AppStore|ARM.Deploy.0 = Debug|Any CPU
		{1732475B-14FF-4DC2-95A0-B6E49423AB0D}.AppStore|iPhone.ActiveCfg = Debug|Any CPU
		{1732475B-14FF-4DC2-95A0-B6E49423AB0D}.AppStore|iPhone.Build.0 = Debug|Any CPU
		{1732475B-14FF-4DC2-95A0-B6E49423AB0D}.AppStore|iPhone.Deploy.0 = Debug|Any CPU
		{1732475B-14FF-4DC2-95A0-B6E49423AB0D}.AppStore|iPhoneSimulator.ActiveCfg = Debug|Any CPU
		{1732475B-14FF-4DC2-95A0-B6E49423AB0D}.AppStore|iPhoneSimulator.Build.0 = Debug|Any CPU
		{1732475B-14FF-4DC2-95A0-B6E49423AB0D}.AppStore|iPhoneSimulator.Deploy.0 = Debug|Any CPU
		{1732475B-14FF-4DC2-95A0-B6E49423AB0D}.AppStore|x64.ActiveCfg = Debug|Any CPU
		{1732475B-14FF-4DC2-95A0-B6E49423AB0D}.AppStore|x64.Build.0 = Debug|Any CPU
		{1732475B-14FF-4DC2-95A0-B6E49423AB0D}.AppStore|x64.Deploy.0 = Debug|Any CPU
		{1732475B-14FF-4DC2-95A0-B6E49423AB0D}.AppStore|x86.ActiveCfg = Debug|Any CPU
		{1732475B-14FF-4DC2-95A0-B6E49423AB0D}.AppStore|x86.Build.0 = Debug|Any CPU
		{1732475B-14FF-4DC2-95A0-B6E49423AB0D}.AppStore|x86.Deploy.0 = Debug|Any CPU
		{1732475B-14FF-4DC2-95A0-B6E49423AB0D}.Debug|Any CPU.ActiveCfg = Debug|Any CPU
		{1732475B-14FF-4DC2-95A0-B6E49423AB0D}.Debug|Any CPU.Build.0 = Debug|Any CPU
		{1732475B-14FF-4DC2-95A0-B6E49423AB0D}.Debug|Any CPU.Deploy.0 = Debug|Any CPU
		{1732475B-14FF-4DC2-95A0-B6E49423AB0D}.Debug|ARM.ActiveCfg = Debug|Any CPU
		{1732475B-14FF-4DC2-95A0-B6E49423AB0D}.Debug|ARM.Build.0 = Debug|Any CPU
		{1732475B-14FF-4DC2-95A0-B6E49423AB0D}.Debug|ARM.Deploy.0 = Debug|Any CPU
		{1732475B-14FF-4DC2-95A0-B6E49423AB0D}.Debug|iPhone.ActiveCfg = Debug|Any CPU
		{1732475B-14FF-4DC2-95A0-B6E49423AB0D}.Debug|iPhone.Build.0 = Debug|Any CPU
		{1732475B-14FF-4DC2-95A0-B6E49423AB0D}.Debug|iPhone.Deploy.0 = Debug|Any CPU
		{1732475B-14FF-4DC2-95A0-B6E49423AB0D}.Debug|iPhoneSimulator.ActiveCfg = Debug|Any CPU
		{1732475B-14FF-4DC2-95A0-B6E49423AB0D}.Debug|iPhoneSimulator.Build.0 = Debug|Any CPU
		{1732475B-14FF-4DC2-95A0-B6E49423AB0D}.Debug|iPhoneSimulator.Deploy.0 = Debug|Any CPU
		{1732475B-14FF-4DC2-95A0-B6E49423AB0D}.Debug|x64.ActiveCfg = Debug|Any CPU
		{1732475B-14FF-4DC2-95A0-B6E49423AB0D}.Debug|x64.Build.0 = Debug|Any CPU
		{1732475B-14FF-4DC2-95A0-B6E49423AB0D}.Debug|x64.Deploy.0 = Debug|Any CPU
		{1732475B-14FF-4DC2-95A0-B6E49423AB0D}.Debug|x86.ActiveCfg = Debug|Any CPU
		{1732475B-14FF-4DC2-95A0-B6E49423AB0D}.Debug|x86.Build.0 = Debug|Any CPU
		{1732475B-14FF-4DC2-95A0-B6E49423AB0D}.Debug|x86.Deploy.0 = Debug|Any CPU
		{1732475B-14FF-4DC2-95A0-B6E49423AB0D}.Release|Any CPU.ActiveCfg = Release|Any CPU
		{1732475B-14FF-4DC2-95A0-B6E49423AB0D}.Release|Any CPU.Build.0 = Release|Any CPU
		{1732475B-14FF-4DC2-95A0-B6E49423AB0D}.Release|Any CPU.Deploy.0 = Release|Any CPU
		{1732475B-14FF-4DC2-95A0-B6E49423AB0D}.Release|ARM.ActiveCfg = Release|Any CPU
		{1732475B-14FF-4DC2-95A0-B6E49423AB0D}.Release|ARM.Build.0 = Release|Any CPU
		{1732475B-14FF-4DC2-95A0-B6E49423AB0D}.Release|ARM.Deploy.0 = Release|Any CPU
		{1732475B-14FF-4DC2-95A0-B6E49423AB0D}.Release|iPhone.ActiveCfg = Release|Any CPU
		{1732475B-14FF-4DC2-95A0-B6E49423AB0D}.Release|iPhone.Build.0 = Release|Any CPU
		{1732475B-14FF-4DC2-95A0-B6E49423AB0D}.Release|iPhone.Deploy.0 = Release|Any CPU
		{1732475B-14FF-4DC2-95A0-B6E49423AB0D}.Release|iPhoneSimulator.ActiveCfg = Release|Any CPU
		{1732475B-14FF-4DC2-95A0-B6E49423AB0D}.Release|iPhoneSimulator.Build.0 = Release|Any CPU
		{1732475B-14FF-4DC2-95A0-B6E49423AB0D}.Release|iPhoneSimulator.Deploy.0 = Release|Any CPU
		{1732475B-14FF-4DC2-95A0-B6E49423AB0D}.Release|x64.ActiveCfg = Release|Any CPU
		{1732475B-14FF-4DC2-95A0-B6E49423AB0D}.Release|x64.Build.0 = Release|Any CPU
		{1732475B-14FF-4DC2-95A0-B6E49423AB0D}.Release|x64.Deploy.0 = Release|Any CPU
		{1732475B-14FF-4DC2-95A0-B6E49423AB0D}.Release|x86.ActiveCfg = Release|Any CPU
		{1732475B-14FF-4DC2-95A0-B6E49423AB0D}.Release|x86.Build.0 = Release|Any CPU
		{1732475B-14FF-4DC2-95A0-B6E49423AB0D}.Release|x86.Deploy.0 = Release|Any CPU
	EndGlobalSection
	GlobalSection(SolutionProperties) = preSolution
		HideSolutionNode = FALSE
	EndGlobalSection
	GlobalSection(ExtensibilityGlobals) = postSolution
		SolutionGuid = {8979D3D5-A817-424E-A4E3-02173533FA00}
	EndGlobalSection
EndGlobal
